<?xml version="1.0" encoding="utf-8"?>
<Project ToolsVersion="4.0" xmlns="http://schemas.microsoft.com/developer/msbuild/2003">
  <ItemGroup>
    <Filter Include="Source Files">
      <UniqueIdentifier>{4FC737F1-C7A5-4376-A066-2A32D752A2FF}</UniqueIdentifier>
      <Extensions>cpp;c;cc;cxx;c++;cppm;ixx;def;odl;idl;hpj;bat;asm;asmx</Extensions>
    </Filter>
    <Filter Include="Header Files">
      <UniqueIdentifier>{93995380-89BD-4b04-88EB-625FBE52EBFB}</UniqueIdentifier>
      <Extensions>h;hh;hpp;hxx;h++;hm;inl;inc;ipp;xsd</Extensions>
    </Filter>
    <Filter Include="Resource Files">
      <UniqueIdentifier>{67DA6AB6-F800-4c08-8B7A-83BB121AAD01}</UniqueIdentifier>
      <Extensions>rc;ico;cur;bmp;dlg;rc2;rct;bin;rgs;gif;jpg;jpeg;jpe;resx;tiff;tif;png;wav;mfcribbon-ms</Extensions>
    </Filter>
    <Filter Include="Header Files\Helpers">
      <UniqueIdentifier>{2b8114ff-bade-46d2-80cf-6d54f83a59fa}</UniqueIdentifier>
    </Filter>
    <Filter Include="Source Files\Helpers">
      <UniqueIdentifier>{12b95993-529f-4d83-a0f5-1fe5c91448e8}</UniqueIdentifier>
    </Filter>
    <Filter Include="Header Files\Models">
      <UniqueIdentifier>{e9ed418c-615e-4853-9c0e-5253b63d7c6d}</UniqueIdentifier>
    </Filter>
    <Filter Include="Header Files\Bases">
      <UniqueIdentifier>{b14d9ca5-636c-45d1-a357-bb1109f46ef2}</UniqueIdentifier>
    </Filter>
    <Filter Include="Source Files\Models">
      <UniqueIdentifier>{951e54ea-9098-4f32-b081-f7b9411e04e4}</UniqueIdentifier>
    </Filter>
    <Filter Include="Resource Files\Bases">
      <UniqueIdentifier>{49f01565-aacf-4a51-8cb0-bf706d76ebef}</UniqueIdentifier>
    </Filter>
  </ItemGroup>
  <ItemGroup>
    <ClCompile Include="main.cpp">
      <Filter>Source Files</Filter>
    </ClCompile>
    <ClCompile Include="Print.h">
      <Filter>Header Files\Helpers</Filter>
    </ClCompile>
    <ClCompile Include="DateTime.cpp">
      <Filter>Source Files\Helpers</Filter>
    </ClCompile>
    <ClCompile Include="Print.cpp">
      <Filter>Source Files\Helpers</Filter>
    </ClCompile>
    <ClCompile Include="App.cpp">
      <Filter>Resource Files\Bases</Filter>
    </ClCompile>
    <ClCompile Include="Book.h">
      <Filter>Header Files\Models</Filter>
    </ClCompile>
    <ClCompile Include="Book.cpp">
      <Filter>Source Files\Models</Filter>
    </ClCompile>
    <ClCompile Include="BookMenu.cpp">
      <Filter>Source Files\Models</Filter>
    </ClCompile>
    <ClCompile Include="BaseMenu.h">
      <Filter>Header Files\Bases</Filter>
    </ClCompile>
    <ClCompile Include="Notify.cpp">
      <Filter>Source Files\Helpers</Filter>
    </ClCompile>
  </ItemGroup>
  <ItemGroup>
    <ClInclude Include="DateTime.h">
      <Filter>Header Files\Helpers</Filter>
    </ClInclude>
    <ClInclude Include="Base.h">
      <Filter>Header Files\Bases</Filter>
    </ClInclude>
    <ClInclude Include="List.h">
      <Filter>Header Files\Bases</Filter>
    </ClInclude>
    <ClInclude Include="App.h">
      <Filter>Header Files\Bases</Filter>
    </ClInclude>
    <ClInclude Include="BookMenu.h">
      <Filter>Header Files\Models</Filter>
    </ClInclude>
    <ClInclude Include="Notify.h">
      <Filter>Header Files\Helpers</Filter>
    </ClInclude>
    <ClInclude Include="Const.h">
      <Filter>Header Files\Bases</Filter>
    </ClInclude>
    <ClInclude Include="FileHelper.h">
      <Filter>Header Files\Helpers</Filter>
    </ClInclude>
  </ItemGroup>
</Project>